// !$*UTF8*$!
{
	archiveVersion = 1;
	classes = {
	};
	objectVersion = 77;
	objects = {

/* Begin PBXBuildFile section */
		6AD28F9D2E65E0B70064F8FD /* SimpleGolfIndicator Watch App.app in Embed Watch Content */ = {isa = PBXBuildFile; fileRef = 6AD28F9C2E65E0B70064F8FD /* SimpleGolfIndicator Watch App.app */; settings = {ATTRIBUTES = (RemoveHeadersOnCopy, ); }; };
/* End PBXBuildFile section */

/* Begin PBXContainerItemProxy section */
		6AD28F9E2E65E0B70064F8FD /* PBXContainerItemProxy */ = {
			isa = PBXContainerItemProxy;
			containerPortal = 6AD28F902E65E0B70064F8FD /* Project object */;
			proxyType = 1;
			remoteGlobalIDString = 6AD28F9B2E65E0B70064F8FD;
			remoteInfo = "SimpleGolfIndicator Watch App";
		};
		6AD28FAC2E65E0B80064F8FD /* PBXContainerItemProxy */ = {
			isa = PBXContainerItemProxy;
			containerPortal = 6AD28F902E65E0B70064F8FD /* Project object */;
			proxyType = 1;
			remoteGlobalIDString = 6AD28F9B2E65E0B70064F8FD;
			remoteInfo = "SimpleGolfIndicator Watch App";
		};
		6AD28FB62E65E0B80064F8FD /* PBXContainerItemProxy */ = {
			isa = PBXContainerItemProxy;
			containerPortal = 6AD28F902E65E0B70064F8FD /* Project object */;
			proxyType = 1;
			remoteGlobalIDString = 6AD28F9B2E65E0B70064F8FD;
			remoteInfo = "SimpleGolfIndicator Watch App";
		};
/* End PBXContainerItemProxy section */

/* Begin PBXCopyFilesBuildPhase section */
		6AD28FC22E65E0B80064F8FD /* Embed Watch Content */ = {
			isa = PBXCopyFilesBuildPhase;
			buildActionMask = 2147483647;
			dstPath = "$(CONTENTS_FOLDER_PATH)/Watch";
			dstSubfolderSpec = 16;
			files = (
				6AD28F9D2E65E0B70064F8FD /* SimpleGolfIndicator Watch App.app in Embed Watch Content */,
			);
			name = "Embed Watch Content";
			runOnlyForDeploymentPostprocessing = 0;
		};
/* End PBXCopyFilesBuildPhase section */

/* Begin PBXFileReference section */
		6AD28F962E65E0B70064F8FD /* SimpleGolfIndicator.app */ = {isa = PBXFileReference; explicitFileType = wrapper.application; includeInIndex = 0; path = SimpleGolfIndicator.app; sourceTree = BUILT_PRODUCTS_DIR; };
		6AD28F9C2E65E0B70064F8FD /* SimpleGolfIndicator Watch App.app */ = {isa = PBXFileReference; explicitFileType = wrapper.application; includeInIndex = 0; path = "SimpleGolfIndicator Watch App.app"; sourceTree = BUILT_PRODUCTS_DIR; };
		6AD28FAB2E65E0B80064F8FD /* SimpleGolfIndicator Watch AppTests.xctest */ = {isa = PBXFileReference; explicitFileType = wrapper.cfbundle; includeInIndex = 0; path = "SimpleGolfIndicator Watch AppTests.xctest"; sourceTree = BUILT_PRODUCTS_DIR; };
		6AD28FB52E65E0B80064F8FD /* SimpleGolfIndicator Watch AppUITests.xctest */ = {isa = PBXFileReference; explicitFileType = wrapper.cfbundle; includeInIndex = 0; path = "SimpleGolfIndicator Watch AppUITests.xctest"; sourceTree = BUILT_PRODUCTS_DIR; };
/* End PBXFileReference section */

/* Begin PBXFileSystemSynchronizedRootGroup section */
		6AD28FA02E65E0B70064F8FD /* SimpleGolfIndicator Watch App */ = {
			isa = PBXFileSystemSynchronizedRootGroup;
			path = "SimpleGolfIndicator Watch App";
			sourceTree = "<group>";
		};
		6AD28FAE2E65E0B80064F8FD /* SimpleGolfIndicator Watch AppTests */ = {
			isa = PBXFileSystemSynchronizedRootGroup;
			path = "SimpleGolfIndicator Watch AppTests";
			sourceTree = "<group>";
		};
		6AD28FB82E65E0B80064F8FD /* SimpleGolfIndicator Watch AppUITests */ = {
			isa = PBXFileSystemSynchronizedRootGroup;
			path = "SimpleGolfIndicator Watch AppUITests";
			sourceTree = "<group>";
		};
/* End PBXFileSystemSynchronizedRootGroup section */

/* Begin PBXFrameworksBuildPhase section */
		6AD28F992E65E0B70064F8FD /* Frameworks */ = {
			isa = PBXFrameworksBuildPhase;
			buildActionMask = 2147483647;
			files = (
			);
			runOnlyForDeploymentPostprocessing = 0;
		};
		6AD28FA82E65E0B80064F8FD /* Frameworks */ = {
			isa = PBXFrameworksBuildPhase;
			buildActionMask = 2147483647;
			files = (
			);
			runOnlyForDeploymentPostprocessing = 0;
		};
		6AD28FB22E65E0B80064F8FD /* Frameworks */ = {
			isa = PBXFrameworksBuildPhase;
			buildActionMask = 2147483647;
			files = (
			);
			runOnlyForDeploymentPostprocessing = 0;
		};
/* End PBXFrameworksBuildPhase section */

/* Begin PBXGroup section */
		6AD28F8F2E65E0B70064F8FD = {
			isa = PBXGroup;
			children = (
				6AD28FA02E65E0B70064F8FD /* SimpleGolfIndicator Watch App */,
				6AD28FAE2E65E0B80064F8FD /* SimpleGolfIndicator Watch AppTests */,
				6AD28FB82E65E0B80064F8FD /* SimpleGolfIndicator Watch AppUITests */,
				6AD28F972E65E0B70064F8FD /* Products */,
			);
			sourceTree = "<group>";
		};
		6AD28F972E65E0B70064F8FD /* Products */ = {
			isa = PBXGroup;
			children = (
				6AD28F962E65E0B70064F8FD /* SimpleGolfIndicator.app */,
				6AD28F9C2E65E0B70064F8FD /* SimpleGolfIndicator Watch App.app */,
				6AD28FAB2E65E0B80064F8FD /* SimpleGolfIndicator Watch AppTests.xctest */,
				6AD28FB52E65E0B80064F8FD /* SimpleGolfIndicator Watch AppUITests.xctest */,
			);
			name = Products;
			sourceTree = "<group>";
		};
/* End PBXGroup section */

/* Begin PBXNativeTarget section */
		6AD28F952E65E0B70064F8FD /* SimpleGolfIndicator */ = {
			isa = PBXNativeTarget;
			buildConfigurationList = 6AD28FC32E65E0B80064F8FD /* Build configuration list for PBXNativeTarget "SimpleGolfIndicator" */;
			buildPhases = (
				6AD28F942E65E0B70064F8FD /* Resources */,
				6AD28FC22E65E0B80064F8FD /* Embed Watch Content */,
			);
			buildRules = (
			);
			dependencies = (
				6AD28F9F2E65E0B70064F8FD /* PBXTargetDependency */,
			);
			name = SimpleGolfIndicator;
			packageProductDependencies = (
			);
			productName = SimpleGolfIndicator;
			productReference = 6AD28F962E65E0B70064F8FD /* SimpleGolfIndicator.app */;
			productType = "com.apple.product-type.application.watchapp2-container";
		};
		6AD28F9B2E65E0B70064F8FD /* SimpleGolfIndicator Watch App */ = {
			isa = PBXNativeTarget;
			buildConfigurationList = 6AD28FBF2E65E0B80064F8FD /* Build configuration list for PBXNativeTarget "SimpleGolfIndicator Watch App" */;
			buildPhases = (
				6AD28F982E65E0B70064F8FD /* Sources */,
				6AD28F992E65E0B70064F8FD /* Frameworks */,
				6AD28F9A2E65E0B70064F8FD /* Resources */,
			);
			buildRules = (
			);
			dependencies = (
			);
			fileSystemSynchronizedGroups = (
				6AD28FA02E65E0B70064F8FD /* SimpleGolfIndicator Watch App */,
			);
			name = "SimpleGolfIndicator Watch App";
			packageProductDependencies = (
			);
			productName = "SimpleGolfIndicator Watch App";
			productReference = 6AD28F9C2E65E0B70064F8FD /* SimpleGolfIndicator Watch App.app */;
			productType = "com.apple.product-type.application";
		};
		6AD28FAA2E65E0B80064F8FD /* SimpleGolfIndicator Watch AppTests */ = {
			isa = PBXNativeTarget;
			buildConfigurationList = 6AD28FC62E65E0B80064F8FD /* Build configuration list for PBXNativeTarget "SimpleGolfIndicator Watch AppTests" */;
			buildPhases = (
				6AD28FA72E65E0B80064F8FD /* Sources */,
				6AD28FA82E65E0B80064F8FD /* Frameworks */,
				6AD28FA92E65E0B80064F8FD /* Resources */,
			);
			buildRules = (
			);
			dependencies = (
				6AD28FAD2E65E0B80064F8FD /* PBXTargetDependency */,
			);
			fileSystemSynchronizedGroups = (
				6AD28FAE2E65E0B80064F8FD /* SimpleGolfIndicator Watch AppTests */,
			);
			name = "SimpleGolfIndicator Watch AppTests";
			packageProductDependencies = (
			);
			productName = "SimpleGolfIndicator Watch AppTests";
			productReference = 6AD28FAB2E65E0B80064F8FD /* SimpleGolfIndicator Watch AppTests.xctest */;
			productType = "com.apple.product-type.bundle.unit-test";
		};
		6AD28FB42E65E0B80064F8FD /* SimpleGolfIndicator Watch AppUITests */ = {
			isa = PBXNativeTarget;
			buildConfigurationList = 6AD28FC92E65E0B80064F8FD /* Build configuration list for PBXNativeTarget "SimpleGolfIndicator Watch AppUITests" */;
			buildPhases = (
				6AD28FB12E65E0B80064F8FD /* Sources */,
				6AD28FB22E65E0B80064F8FD /* Frameworks */,
				6AD28FB32E65E0B80064F8FD /* Resources */,
			);
			buildRules = (
			);
			dependencies = (
				6AD28FB72E65E0B80064F8FD /* PBXTargetDependency */,
			);
			fileSystemSynchronizedGroups = (
				6AD28FB82E65E0B80064F8FD /* SimpleGolfIndicator Watch AppUITests */,
			);
			name = "SimpleGolfIndicator Watch AppUITests";
			packageProductDependencies = (
			);
			productName = "SimpleGolfIndicator Watch AppUITests";
			productReference = 6AD28FB52E65E0B80064F8FD /* SimpleGolfIndicator Watch AppUITests.xctest */;
			productType = "com.apple.product-type.bundle.ui-testing";
		};
/* End PBXNativeTarget section */

/* Begin PBXProject section */
		6AD28F902E65E0B70064F8FD /* Project object */ = {
			isa = PBXProject;
			attributes = {
				BuildIndependentTargetsInParallel = 1;
				LastSwiftUpdateCheck = 1640;
				LastUpgradeCheck = 1640;
				TargetAttributes = {
					6AD28F952E65E0B70064F8FD = {
						CreatedOnToolsVersion = 16.4;
					};
					6AD28F9B2E65E0B70064F8FD = {
						CreatedOnToolsVersion = 16.4;
					};
					6AD28FAA2E65E0B80064F8FD = {
						CreatedOnToolsVersion = 16.4;
						TestTargetID = 6AD28F9B2E65E0B70064F8FD;
					};
					6AD28FB42E65E0B80064F8FD = {
						CreatedOnToolsVersion = 16.4;
						TestTargetID = 6AD28F9B2E65E0B70064F8FD;
					};
				};
			};
			buildConfigurationList = 6AD28F932E65E0B70064F8FD /* Build configuration list for PBXProject "SimpleGolfIndicator" */;
			developmentRegion = en;
			hasScannedForEncodings = 0;
			knownRegions = (
				en,
				Base,
			);
			mainGroup = 6AD28F8F2E65E0B70064F8FD;
			minimizedProjectReferenceProxies = 1;
			preferredProjectObjectVersion = 77;
			productRefGroup = 6AD28F972E65E0B70064F8FD /* Products */;
			projectDirPath = "";
			projectRoot = "";
			targets = (
				6AD28F952E65E0B70064F8FD /* SimpleGolfIndicator */,
				6AD28F9B2E65E0B70064F8FD /* SimpleGolfIndicator Watch App */,
				6AD28FAA2E65E0B80064F8FD /* SimpleGolfIndicator Watch AppTests */,
				6AD28FB42E65E0B80064F8FD /* SimpleGolfIndicator Watch AppUITests */,
			);
		};
/* End PBXProject section */

/* Begin PBXResourcesBuildPhase section */
		6AD28F942E65E0B70064F8FD /* Resources */ = {
			isa = PBXResourcesBuildPhase;
			buildActionMask = 2147483647;
			files = (
			);
			runOnlyForDeploymentPostprocessing = 0;
		};
		6AD28F9A2E65E0B70064F8FD /* Resources */ = {
			isa = PBXResourcesBuildPhase;
			buildActionMask = 2147483647;
			files = (
			);
			runOnlyForDeploymentPostprocessing = 0;
		};
		6AD28FA92E65E0B80064F8FD /* Resources */ = {
			isa = PBXResourcesBuildPhase;
			buildActionMask = 2147483647;
			files = (
			);
			runOnlyForDeploymentPostprocessing = 0;
		};
		6AD28FB32E65E0B80064F8FD /* Resources */ = {
			isa = PBXResourcesBuildPhase;
			buildActionMask = 2147483647;
			files = (
			);
			runOnlyForDeploymentPostprocessing = 0;
		};
/* End PBXResourcesBuildPhase section */

/* Begin PBXSourcesBuildPhase section */
		6AD28F982E65E0B70064F8FD /* Sources */ = {
			isa = PBXSourcesBuildPhase;
			buildActionMask = 2147483647;
			files = (
			);
			runOnlyForDeploymentPostprocessing = 0;
		};
		6AD28FA72E65E0B80064F8FD /* Sources */ = {
			isa = PBXSourcesBuildPhase;
			buildActionMask = 2147483647;
			files = (
			);
			runOnlyForDeploymentPostprocessing = 0;
		};
		6AD28FB12E65E0B80064F8FD /* Sources */ = {
			isa = PBXSourcesBuildPhase;
			buildActionMask = 2147483647;
			files = (
			);
			runOnlyForDeploymentPostprocessing = 0;
		};
/* End PBXSourcesBuildPhase section */

/* Begin PBXTargetDependency section */
		6AD28F9F2E65E0B70064F8FD /* PBXTargetDependency */ = {
			isa = PBXTargetDependency;
			target = 6AD28F9B2E65E0B70064F8FD /* SimpleGolfIndicator Watch App */;
			targetProxy = 6AD28F9E2E65E0B70064F8FD /* PBXContainerItemProxy */;
		};
		6AD28FAD2E65E0B80064F8FD /* PBXTargetDependency */ = {
			isa = PBXTargetDependency;
			target = 6AD28F9B2E65E0B70064F8FD /* SimpleGolfIndicator Watch App */;
			targetProxy = 6AD28FAC2E65E0B80064F8FD /* PBXContainerItemProxy */;
		};
		6AD28FB72E65E0B80064F8FD /* PBXTargetDependency */ = {
			isa = PBXTargetDependency;
			target = 6AD28F9B2E65E0B70064F8FD /* SimpleGolfIndicator Watch App */;
			targetProxy = 6AD28FB62E65E0B80064F8FD /* PBXContainerItemProxy */;
		};
/* End PBXTargetDependency section */

/* Begin XCBuildConfiguration section */
		6AD28FBD2E65E0B80064F8FD /* Debug */ = {
			isa = XCBuildConfiguration;
			buildSettings = {
				ALWAYS_SEARCH_USER_PATHS = NO;
				ASSETCATALOG_COMPILER_GENERATE_SWIFT_ASSET_SYMBOL_EXTENSIONS = YES;
				CLANG_ANALYZER_NONNULL = YES;
				CLANG_ANALYZER_NUMBER_OBJECT_CONVERSION = YES_AGGRESSIVE;
				CLANG_CXX_LANGUAGE_STANDARD = "gnu++20";
				CLANG_ENABLE_MODULES = YES;
				CLANG_ENABLE_OBJC_ARC = YES;
				CLANG_ENABLE_OBJC_WEAK = YES;
				CLANG_WARN_BLOCK_CAPTURE_AUTORELEASING = YES;
				CLANG_WARN_BOOL_CONVERSION = YES;
				CLANG_WARN_COMMA = YES;
				CLANG_WARN_CONSTANT_CONVERSION = YES;
				CLANG_WARN_DEPRECATED_OBJC_IMPLEMENTATIONS = YES;
				CLANG_WARN_DIRECT_OBJC_ISA_USAGE = YES_ERROR;
				CLANG_WARN_DOCUMENTATION_COMMENTS = YES;
				CLANG_WARN_EMPTY_BODY = YES;
				CLANG_WARN_ENUM_CONVERSION = YES;
				CLANG_WARN_INFINITE_RECURSION = YES;
				CLANG_WARN_INT_CONVERSION = YES;
				CLANG_WARN_NON_LITERAL_NULL_CONVERSION = YES;
				CLANG_WARN_OBJC_IMPLICIT_RETAIN_SELF = YES;
				CLANG_WARN_OBJC_LITERAL_CONVERSION = YES;
				CLANG_WARN_OBJC_ROOT_CLASS = YES_ERROR;
				CLANG_WARN_QUOTED_INCLUDE_IN_FRAMEWORK_HEADER = YES;
				CLANG_WARN_RANGE_LOOP_ANALYSIS = YES;
				CLANG_WARN_STRICT_PROTOTYPES = YES;
				CLANG_WARN_SUSPICIOUS_MOVE = YES;
				CLANG_WARN_UNGUARDED_AVAILABILITY = YES_AGGRESSIVE;
				CLANG_WARN_UNREACHABLE_CODE = YES;
				CLANG_WARN__DUPLICATE_METHOD_MATCH = YES;
				COPY_PHASE_STRIP = NO;
				DEBUG_INFORMATION_FORMAT = dwarf;
				DEVELOPMENT_TEAM = ZLV8MR4J7U;
				ENABLE_STRICT_OBJC_MSGSEND = YES;
				ENABLE_TESTABILITY = YES;
				ENABLE_USER_SCRIPT_SANDBOXING = YES;
				GCC_C_LANGUAGE_STANDARD = gnu17;
				GCC_DYNAMIC_NO_PIC = NO;
				GCC_NO_COMMON_BLOCKS = YES;
				GCC_OPTIMIZATION_LEVEL = 0;
				GCC_PREPROCESSOR_DEFINITIONS = (
					"DEBUG=1",
					"$(inherited)",
				);
				GCC_WARN_64_TO_32_BIT_CONVERSION = YES;
				GCC_WARN_ABOUT_RETURN_TYPE = YES_ERROR;
				GCC_WARN_UNDECLARED_SELECTOR = YES;
				GCC_WARN_UNINITIALIZED_AUTOS = YES_AGGRESSIVE;
				GCC_WARN_UNUSED_FUNCTION = YES;
				GCC_WARN_UNUSED_VARIABLE = YES;
				LOCALIZATION_PREFERS_STRING_CATALOGS = YES;
				MTL_ENABLE_DEBUG_INFO = INCLUDE_SOURCE;
				MTL_FAST_MATH = YES;
				ONLY_ACTIVE_ARCH = YES;
				SWIFT_ACTIVE_COMPILATION_CONDITIONS = "DEBUG $(inherited)";
				SWIFT_OPTIMIZATION_LEVEL = "-Onone";
			};
			name = Debug;
		};
		6AD28FBE2E65E0B80064F8FD /* Release */ = {
			isa = XCBuildConfiguration;
			buildSettings = {
				ALWAYS_SEARCH_USER_PATHS = NO;
				ASSETCATALOG_COMPILER_GENERATE_SWIFT_ASSET_SYMBOL_EXTENSIONS = YES;
				CLANG_ANALYZER_NONNULL = YES;
				CLANG_ANALYZER_NUMBER_OBJECT_CONVERSION = YES_AGGRESSIVE;
				CLANG_CXX_LANGUAGE_STANDARD = "gnu++20";
				CLANG_ENABLE_MODULES = YES;
				CLANG_ENABLE_OBJC_ARC = YES;
				CLANG_ENABLE_OBJC_WEAK = YES;
				CLANG_WARN_BLOCK_CAPTURE_AUTORELEASING = YES;
				CLANG_WARN_BOOL_CONVERSION = YES;
				CLANG_WARN_COMMA = YES;
				CLANG_WARN_CONSTANT_CONVERSION = YES;
				CLANG_WARN_DEPRECATED_OBJC_IMPLEMENTATIONS = YES;
				CLANG_WARN_DIRECT_OBJC_ISA_USAGE = YES_ERROR;
				CLANG_WARN_DOCUMENTATION_COMMENTS = YES;
				CLANG_WARN_EMPTY_BODY = YES;
				CLANG_WARN_ENUM_CONVERSION = YES;
				CLANG_WARN_INFINITE_RECURSION = YES;
				CLANG_WARN_INT_CONVERSION = YES;
				CLANG_WARN_NON_LITERAL_NULL_CONVERSION = YES;
				CLANG_WARN_OBJC_IMPLICIT_RETAIN_SELF = YES;
				CLANG_WARN_OBJC_LITERAL_CONVERSION = YES;
				CLANG_WARN_OBJC_ROOT_CLASS = YES_ERROR;
				CLANG_WARN_QUOTED_INCLUDE_IN_FRAMEWORK_HEADER = YES;
				CLANG_WARN_RANGE_LOOP_ANALYSIS = YES;
				CLANG_WARN_STRICT_PROTOTYPES = YES;
				CLANG_WARN_SUSPICIOUS_MOVE = YES;
				CLANG_WARN_UNGUARDED_AVAILABILITY = YES_AGGRESSIVE;
				CLANG_WARN_UNREACHABLE_CODE = YES;
				CLANG_WARN__DUPLICATE_METHOD_MATCH = YES;
				COPY_PHASE_STRIP = NO;
				DEBUG_INFORMATION_FORMAT = "dwarf-with-dsym";
				DEVELOPMENT_TEAM = ZLV8MR4J7U;
				ENABLE_NS_ASSERTIONS = NO;
				ENABLE_STRICT_OBJC_MSGSEND = YES;
				ENABLE_USER_SCRIPT_SANDBOXING = YES;
				GCC_C_LANGUAGE_STANDARD = gnu17;
				GCC_NO_COMMON_BLOCKS = YES;
				GCC_WARN_64_TO_32_BIT_CONVERSION = YES;
				GCC_WARN_ABOUT_RETURN_TYPE = YES_ERROR;
				GCC_WARN_UNDECLARED_SELECTOR = YES;
				GCC_WARN_UNINITIALIZED_AUTOS = YES_AGGRESSIVE;
				GCC_WARN_UNUSED_FUNCTION = YES;
				GCC_WARN_UNUSED_VARIABLE = YES;
				LOCALIZATION_PREFERS_STRING_CATALOGS = YES;
				MTL_ENABLE_DEBUG_INFO = NO;
				MTL_FAST_MATH = YES;
				SWIFT_COMPILATION_MODE = wholemodule;
			};
			name = Release;
		};
		6AD28FC02E65E0B80064F8FD /* Debug */ = {
			isa = XCBuildConfiguration;
			buildSettings = {
				ASSETCATALOG_COMPILER_APPICON_NAME = AppIcon;
				ASSETCATALOG_COMPILER_GLOBAL_ACCENT_COLOR_NAME = AccentColor;
				CODE_SIGN_STYLE = Automatic;
				CURRENT_PROJECT_VERSION = 1;
				DEVELOPMENT_TEAM = ZLV8MR4J7U;
				ENABLE_PREVIEWS = YES;
				GENERATE_INFOPLIST_FILE = YES;
				INFOPLIST_KEY_CFBundleDisplayName = "골프 인디케이터";
				INFOPLIST_KEY_NSLocationAlwaysAndWhenInUseUsageDescription = "골프장에서의 위치 정보와 방향을 제공하기 위해 위치 접근이 필요합니다.";
				INFOPLIST_KEY_NSLocationWhenInUseUsageDescription = "골프장에서의 위치 정보와 방향을 제공하기 위해 위치 접근이 필요합니다.";
				INFOPLIST_KEY_UIBackgroundModes = location;
				INFOPLIST_KEY_UISupportedInterfaceOrientations = "UIInterfaceOrientationPortrait UIInterfaceOrientationPortraitUpsideDown";
				INFOPLIST_KEY_WKApplication = YES;
				INFOPLIST_KEY_WKWatchOnly = YES;
				LD_RUNPATH_SEARCH_PATHS = (
					"$(inherited)",
					"@executable_path/Frameworks",
				);
				MARKETING_VERSION = 1.0;
				PRODUCT_BUNDLE_IDENTIFIER = "isaac-jh.SimpleGolfIndicator.watchkitapp";
				PRODUCT_NAME = "$(TARGET_NAME)";
				SDKROOT = watchos;
				SKIP_INSTALL = YES;
				SWIFT_EMIT_LOC_STRINGS = YES;
				SWIFT_VERSION = 5.0;
				TARGETED_DEVICE_FAMILY = 4;
				WATCHOS_DEPLOYMENT_TARGET = 11.0;
			};
			name = Debug;
		};
		6AD28FC12E65E0B80064F8FD /* Release */ = {
			isa = XCBuildConfiguration;
			buildSettings = {
				ASSETCATALOG_COMPILER_APPICON_NAME = AppIcon;
				ASSETCATALOG_COMPILER_GLOBAL_ACCENT_COLOR_NAME = AccentColor;
				CODE_SIGN_STYLE = Automatic;
				CURRENT_PROJECT_VERSION = 1;
				DEVELOPMENT_TEAM = ZLV8MR4J7U;
				ENABLE_PREVIEWS = YES;
				GENERATE_INFOPLIST_FILE = YES;
				INFOPLIST_KEY_CFBundleDisplayName = "골프 인디케이터";
				INFOPLIST_KEY_NSLocationAlwaysAndWhenInUseUsageDescription = "골프장에서의 위치 정보와 방향을 제공하기 위해 위치 접근이 필요합니다.";
				INFOPLIST_KEY_NSLocationWhenInUseUsageDescription = "골프장에서의 위치 정보와 방향을 제공하기 위해 위치 접근이 필요합니다.";
				INFOPLIST_KEY_UIBackgroundModes = location;
				INFOPLIST_KEY_UISupportedInterfaceOrientations = "UIInterfaceOrientationPortrait UIInterfaceOrientationPortraitUpsideDown";
				INFOPLIST_KEY_WKApplication = YES;
				INFOPLIST_KEY_WKWatchOnly = YES;
				LD_RUNPATH_SEARCH_PATHS = (
					"$(inherited)",
					"@executable_path/Frameworks",
				);
				MARKETING_VERSION = 1.0;
				PRODUCT_BUNDLE_IDENTIFIER = "isaac-jh.SimpleGolfIndicator.watchkitapp";
				PRODUCT_NAME = "$(TARGET_NAME)";
				SDKROOT = watchos;
				SKIP_INSTALL = YES;
				SWIFT_EMIT_LOC_STRINGS = YES;
				SWIFT_VERSION = 5.0;
				TARGETED_DEVICE_FAMILY = 4;
				VALIDATE_PRODUCT = YES;
				WATCHOS_DEPLOYMENT_TARGET = 11.0;
			};
			name = Release;
		};
		6AD28FC42E65E0B80064F8FD /* Debug */ = {
			isa = XCBuildConfiguration;
			buildSettings = {
				CODE_SIGN_STYLE = Automatic;
				CURRENT_PROJECT_VERSION = 1;
				DEVELOPMENT_TEAM = ZLV8MR4J7U;
				ENABLE_PREVIEWS = YES;
				GENERATE_INFOPLIST_FILE = YES;
				INFOPLIST_KEY_CFBundleDisplayName = "골프 인디케이터";
				INFOPLIST_KEY_NSLocationAlwaysAndWhenInUseUsageDescription = "골프장에서의 위치 정보와 방향을 제공하기 위해 위치 접근이 필요합니다.";
				INFOPLIST_KEY_NSLocationWhenInUseUsageDescription = "골프장에서의 위치 정보와 방향을 제공하기 위해 위치 접근이 필요합니다.";
				INFOPLIST_KEY_UIBackgroundModes = location;
				IPHONEOS_DEPLOYMENT_TARGET = 17.5;
				MARKETING_VERSION = 1.0;
				PRODUCT_BUNDLE_IDENTIFIER = "isaac-jh.SimpleGolfIndicator";
				PRODUCT_NAME = "$(TARGET_NAME)";
				SDKROOT = iphoneos;
				SWIFT_EMIT_LOC_STRINGS = YES;
				SWIFT_VERSION = 5.0;
				TARGETED_DEVICE_FAMILY = "1,2";
			};
			name = Debug;
		};
		6AD28FC52E65E0B80064F8FD /* Release */ = {
			isa = XCBuildConfiguration;
			buildSettings = {
				CODE_SIGN_STYLE = Automatic;
				CURRENT_PROJECT_VERSION = 1;
				DEVELOPMENT_TEAM = ZLV8MR4J7U;
				ENABLE_PREVIEWS = YES;
				GENERATE_INFOPLIST_FILE = YES;
				INFOPLIST_KEY_CFBundleDisplayName = "골프 인디케이터";
				INFOPLIST_KEY_NSLocationAlwaysAndWhenInUseUsageDescription = "골프장에서의 위치 정보와 방향을 제공하기 위해 위치 접근이 필요합니다.";
				INFOPLIST_KEY_NSLocationWhenInUseUsageDescription = "골프장에서의 위치 정보와 방향을 제공하기 위해 위치 접근이 필요합니다.";
				INFOPLIST_KEY_UIBackgroundModes = location;
				IPHONEOS_DEPLOYMENT_TARGET = 17.5;
				MARKETING_VERSION = 1.0;
				PRODUCT_BUNDLE_IDENTIFIER = "isaac-jh.SimpleGolfIndicator";
				PRODUCT_NAME = "$(TARGET_NAME)";
				SDKROOT = iphoneos;
				SWIFT_EMIT_LOC_STRINGS = YES;
				SWIFT_VERSION = 5.0;
				TARGETED_DEVICE_FAMILY = "1,2";
				VALIDATE_PRODUCT = YES;
			};
			name = Release;
		};
		6AD28FC72E65E0B80064F8FD /* Debug */ = {
			isa = XCBuildConfiguration;
			buildSettings = {
				BUNDLE_LOADER = "$(TEST_HOST)";
				CODE_SIGN_STYLE = Automatic;
				CURRENT_PROJECT_VERSION = 1;
				DEVELOPMENT_TEAM = ZLV8MR4J7U;
				GENERATE_INFOPLIST_FILE = YES;
				MARKETING_VERSION = 1.0;
				PRODUCT_BUNDLE_IDENTIFIER = "isaac-jh.SimpleGolfIndicator-Watch-AppTests";
				PRODUCT_NAME = "$(TARGET_NAME)";
				SDKROOT = watchos;
				SWIFT_EMIT_LOC_STRINGS = NO;
				SWIFT_VERSION = 5.0;
				TARGETED_DEVICE_FAMILY = 4;
				TEST_HOST = "$(BUILT_PRODUCTS_DIR)/SimpleGolfIndicator Watch App.app/$(BUNDLE_EXECUTABLE_FOLDER_PATH)/SimpleGolfIndicator Watch App";
				WATCHOS_DEPLOYMENT_TARGET = 11.5;
			};
			name = Debug;
		};
		6AD28FC82E65E0B80064F8FD /* Release */ = {
			isa = XCBuildConfiguration;
			buildSettings = {
				BUNDLE_LOADER = "$(TEST_HOST)";
				CODE_SIGN_STYLE = Automatic;
				CURRENT_PROJECT_VERSION = 1;
				DEVELOPMENT_TEAM = ZLV8MR4J7U;
				GENERATE_INFOPLIST_FILE = YES;
				MARKETING_VERSION = 1.0;
				PRODUCT_BUNDLE_IDENTIFIER = "isaac-jh.SimpleGolfIndicator-Watch-AppTests";
				PRODUCT_NAME = "$(TARGET_NAME)";
				SDKROOT = watchos;
				SWIFT_EMIT_LOC_STRINGS = NO;
				SWIFT_VERSION = 5.0;
				TARGETED_DEVICE_FAMILY = 4;
				TEST_HOST = "$(BUILT_PRODUCTS_DIR)/SimpleGolfIndicator Watch App.app/$(BUNDLE_EXECUTABLE_FOLDER_PATH)/SimpleGolfIndicator Watch App";
				VALIDATE_PRODUCT = YES;
				WATCHOS_DEPLOYMENT_TARGET = 11.5;
			};
			name = Release;
		};
		6AD28FCA2E65E0B80064F8FD /* Debug */ = {
			isa = XCBuildConfiguration;
			buildSettings = {
				CODE_SIGN_STYLE = Automatic;
				CURRENT_PROJECT_VERSION = 1;
				DEVELOPMENT_TEAM = ZLV8MR4J7U;
				GENERATE_INFOPLIST_FILE = YES;
				MARKETING_VERSION = 1.0;
				PRODUCT_BUNDLE_IDENTIFIER = "isaac-jh.SimpleGolfIndicator-Watch-AppUITests";
				PRODUCT_NAME = "$(TARGET_NAME)";
				SDKROOT = watchos;
				SWIFT_EMIT_LOC_STRINGS = NO;
				SWIFT_VERSION = 5.0;
				TARGETED_DEVICE_FAMILY = 4;
				TEST_TARGET_NAME = "SimpleGolfIndicator Watch App";
				WATCHOS_DEPLOYMENT_TARGET = 11.5;
			};
			name = Debug;
		};
		6AD28FCB2E65E0B80064F8FD /* Release */ = {
			isa = XCBuildConfiguration;
			buildSettings = {
				CODE_SIGN_STYLE = Automatic;
				CURRENT_PROJECT_VERSION = 1;
				DEVELOPMENT_TEAM = ZLV8MR4J7U;
				GENERATE_INFOPLIST_FILE = YES;
				MARKETING_VERSION = 1.0;
				PRODUCT_BUNDLE_IDENTIFIER = "isaac-jh.SimpleGolfIndicator-Watch-AppUITests";
				PRODUCT_NAME = "$(TARGET_NAME)";
				SDKROOT = watchos;
				SWIFT_EMIT_LOC_STRINGS = NO;
				SWIFT_VERSION = 5.0;
				TARGETED_DEVICE_FAMILY = 4;
				TEST_TARGET_NAME = "SimpleGolfIndicator Watch App";
				VALIDATE_PRODUCT = YES;
				WATCHOS_DEPLOYMENT_TARGET = 11.5;
			};
			name = Release;
		};
/* End XCBuildConfiguration section */

/* Begin XCConfigurationList section */
		6AD28F932E65E0B70064F8FD /* Build configuration list for PBXProject "SimpleGolfIndicator" */ = {
			isa = XCConfigurationList;
			buildConfigurations = (
				6AD28FBD2E65E0B80064F8FD /* Debug */,
				6AD28FBE2E65E0B80064F8FD /* Release */,
			);
			defaultConfigurationIsVisible = 0;
			defaultConfigurationName = Release;
		};
		6AD28FBF2E65E0B80064F8FD /* Build configuration list for PBXNativeTarget "SimpleGolfIndicator Watch App" */ = {
			isa = XCConfigurationList;
			buildConfigurations = (
				6AD28FC02E65E0B80064F8FD /* Debug */,
				6AD28FC12E65E0B80064F8FD /* Release */,
			);
			defaultConfigurationIsVisible = 0;
			defaultConfigurationName = Release;
		};
		6AD28FC32E65E0B80064F8FD /* Build configuration list for PBXNativeTarget "SimpleGolfIndicator" */ = {
			isa = XCConfigurationList;
			buildConfigurations = (
				6AD28FC42E65E0B80064F8FD /* Debug */,
				6AD28FC52E65E0B80064F8FD /* Release */,
			);
			defaultConfigurationIsVisible = 0;
			defaultConfigurationName = Release;
		};
		6AD28FC62E65E0B80064F8FD /* Build configuration list for PBXNativeTarget "SimpleGolfIndicator Watch AppTests" */ = {
			isa = XCConfigurationList;
			buildConfigurations = (
				6AD28FC72E65E0B80064F8FD /* Debug */,
				6AD28FC82E65E0B80064F8FD /* Release */,
			);
			defaultConfigurationIsVisible = 0;
			defaultConfigurationName = Release;
		};
		6AD28FC92E65E0B80064F8FD /* Build configuration list for PBXNativeTarget "SimpleGolfIndicator Watch AppUITests" */ = {
			isa = XCConfigurationList;
			buildConfigurations = (
				6AD28FCA2E65E0B80064F8FD /* Debug */,
				6AD28FCB2E65E0B80064F8FD /* Release */,
			);
			defaultConfigurationIsVisible = 0;
			defaultConfigurationName = Release;
		};
/* End XCConfigurationList section */
	};
	rootObject = 6AD28F902E65E0B70064F8FD /* Project object */;
}
